
Microsoft Visual Studio Solution File, Format Version 12.00
# Visual Studio 2012
Project("{FAE04EC0-301F-11D3-BF4B-00C04F79EFBC}") = "Sorter.Algorithms", "Sorter.Algorithms\Sorter.Algorithms.csproj", "{67E1D0A1-B72C-42A7-A478-15709A366C82}"
EndProject
Project("{FAE04EC0-301F-11D3-BF4B-00C04F79EFBC}") = "Sorter.Presentation", "Sorter.Presentation\Sorter.Presentation.csproj", "{CA522302-332E-4DF8-BC99-FB213B9EE051}"
EndProject
Project("{FAE04EC0-301F-11D3-BF4B-00C04F79EFBC}") = "Sorter.Input", "Sorter.Input\Sorter.Input.csproj", "{7335BA52-400F-45E3-9C98-D4B8D2565310}"
EndProject
Project("{FAE04EC0-301F-11D3-BF4B-00C04F79EFBC}") = "Sorter.Utilities", "Sorter.Utilities\Sorter.Utilities.csproj", "{DA0466E9-59D1-456D-8BB5-1E00935EB7CD}"
EndProject
Project("{FAE04EC0-301F-11D3-BF4B-00C04F79EFBC}") = "Sorter.TestsIntegration", "Sorter.TestsIntegration\Sorter.TestsIntegration.csproj", "{6B7A0580-04AE-4011-96CF-6578D1258FCE}"
EndProject
Global
	GlobalSection(SolutionConfigurationPlatforms) = preSolution
		Debug|Any CPU = Debug|Any CPU
		Release|Any CPU = Release|Any CPU
	EndGlobalSection
	GlobalSection(ProjectConfigurationPlatforms) = postSolution
		{67E1D0A1-B72C-42A7-A478-15709A366C82}.Debug|Any CPU.ActiveCfg = Debug|Any CPU
		{67E1D0A1-B72C-42A7-A478-15709A366C82}.Debug|Any CPU.Build.0 = Debug|Any CPU
		{67E1D0A1-B72C-42A7-A478-15709A366C82}.Release|Any CPU.ActiveCfg = Release|Any CPU
		{67E1D0A1-B72C-42A7-A478-15709A366C82}.Release|Any CPU.Build.0 = Release|Any CPU
		{CA522302-332E-4DF8-BC99-FB213B9EE051}.Debug|Any CPU.ActiveCfg = Debug|Any CPU
		{CA522302-332E-4DF8-BC99-FB213B9EE051}.Debug|Any CPU.Build.0 = Debug|Any CPU
		{CA522302-332E-4DF8-BC99-FB213B9EE051}.Release|Any CPU.ActiveCfg = Release|Any CPU
		{CA522302-332E-4DF8-BC99-FB213B9EE051}.Release|Any CPU.Build.0 = Release|Any CPU
		{7335BA52-400F-45E3-9C98-D4B8D2565310}.Debug|Any CPU.ActiveCfg = Debug|Any CPU
		{7335BA52-400F-45E3-9C98-D4B8D2565310}.Debug|Any CPU.Build.0 = Debug|Any CPU
		{7335BA52-400F-45E3-9C98-D4B8D2565310}.Release|Any CPU.ActiveCfg = Release|Any CPU
		{7335BA52-400F-45E3-9C98-D4B8D2565310}.Release|Any CPU.Build.0 = Release|Any CPU
		{DA0466E9-59D1-456D-8BB5-1E00935EB7CD}.Debug|Any CPU.ActiveCfg = Debug|Any CPU
		{DA0466E9-59D1-456D-8BB5-1E00935EB7CD}.Debug|Any CPU.Build.0 = Debug|Any CPU
		{DA0466E9-59D1-456D-8BB5-1E00935EB7CD}.Release|Any CPU.ActiveCfg = Release|Any CPU
		{DA0466E9-59D1-456D-8BB5-1E00935EB7CD}.Release|Any CPU.Build.0 = Release|Any CPU
		{6B7A0580-04AE-4011-96CF-6578D1258FCE}.Debug|Any CPU.ActiveCfg = Debug|Any CPU
		{6B7A0580-04AE-4011-96CF-6578D1258FCE}.Debug|Any CPU.Build.0 = Debug|Any CPU
		{6B7A0580-04AE-4011-96CF-6578D1258FCE}.Release|Any CPU.ActiveCfg = Release|Any CPU
		{6B7A0580-04AE-4011-96CF-6578D1258FCE}.Release|Any CPU.Build.0 = Release|Any CPU
	EndGlobalSection
	GlobalSection(SolutionProperties) = preSolution
		HideSolutionNode = FALSE
	EndGlobalSection
EndGlobal
